{
    "schemaVersion":  1,
    "skills":  [
                   {
                       "name":  "ritela-resume",
                       "source":  "https://github.com/jeezab/ritela",
                       "commit":  null,
                       "path":  ".agents/skills/ritela-resume/SKILL.md",
                       "license":  "NOASSERTION",
                       "version":  "1.0.0",
                       "sha256":  "f2629e6e4630106845325956fcf60db7be749ff37e40526ccb7e48cdfa4bec88",
                       "installedAt":  "2026-10-04",
                       "classification":  "project-local"
                   },
                   {
                       "name":  "ritela-checkpoint",
                       "source":  "https://github.com/jeezab/ritela",
                       "commit":  null,
                       "path":  ".agents/skills/ritela-checkpoint/SKILL.md",
                       "license":  "NOASSERTION",
                       "version":  "1.0.0",
                       "sha256":  "67ed76edd44c3ff58b5b76682746d98218864ea7469ddd014cc09ac9b82337cc",
                       "installedAt":  "2026-10-04",
                       "classification":  "project-local"
                   },
                   {
                       "name":  "ritela-android-check",
                       "source":  "https://github.com/jeezab/ritela",
                       "commit":  null,
                       "path":  ".agents/skills/ritela-android-check/SKILL.md",
                       "license":  "NOASSERTION",
                       "version":  "1.0.0",
                       "sha256":  "95b6f9ae712a024ac91d9d51fef25cf53e7c5579dfdb7540674209d86f9191c0",
                       "installedAt":  "2026-10-05",
                       "classification":  "project-local"
                   },
                   {
                       "name":  "cycle-prediction-validation",
                       "source":  "https://github.com/jeezab/ritela",
                       "commit":  null,
                       "path":  ".agents/skills/cycle-prediction-validation/SKILL.md",
                       "license":  "NOASSERTION",
                       "version":  "1.0.0",
                       "sha256":  "51f0210ada3f7ce8bd8d3c40a97c92dd0dee685535365f071f264b30964532a5",
                       "installedAt":  "2026-10-05",
                       "classification":  "project-local"
                   },
                   {
                       "name":  "ui-quality-audit",
                       "source":  "https://github.com/jeezab/ritela",
                       "commit":  null,
                       "path":  ".agents/skills/ui-quality-audit/SKILL.md",
                       "license":  "NOASSERTION",
                       "version":  "1.0.0",
                       "sha256":  "b5e1cde6f09717c7b06e2b8cb7c62e08d0db914a235c246b6f6ee49848d49a5d",
                       "installedAt":  "2026-10-05",
                       "classification":  "project-local"
                   }
               ]
}
