{
    "schemaVersion":  1,
    "skills":  [
                   {
                       "name":  "ritela-resume",
                       "source":  "https://github.com/jeezab/ritela",
                       "commit":  null,
                       "path":  ".agents/skills/ritela-resume/SKILL.md",
                       "license":  "NOASSERTION",
                       "version":  "1.0.0",
                       "sha256":  "f2629e6e4630106845325956fcf60db7be749ff37e40526ccb7e48cdfa4bec88",
                       "installedAt":  "2026-10-04",
                       "classification":  "project-local"
                   },
                   {
                       "name":  "ritela-checkpoint",
                       "source":  "https://github.com/jeezab/ritela",
                       "commit":  null,
                       "path":  ".agents/skills/ritela-checkpoint/SKILL.md",
                       "license":  "NOASSERTION",
                       "version":  "1.0.0",
                       "sha256":  "67ed76edd44c3ff58b5b76682746d98218864ea7469ddd014cc09ac9b82337cc",
                       "installedAt":  "2026-10-04",
                       "classification":  "project-local"
                   },
                   {
                       "name":  "ritela-android-check",
                       "source":  "https://github.com/jeezab/ritela",
                       "commit":  null,
                       "path":  ".agents/skills/ritela-android-check/SKILL.md",
                       "license":  "NOASSERTION",
                       "version":  "1.0.0",
                       "sha256":  "95b6f9ae712a024ac91d9d51fef25cf53e7c5579dfdb7540674209d86f9191c0",
                       "installedAt":  "2026-10-05",
                       "classification":  "project-local"
                   },
                   {
                       "name":  "cycle-prediction-validation",
                       "source":  "https://github.com/jeezab/ritela",
                       "commit":  null,
                       "path":  ".agents/skills/cycle-prediction-validation/SKILL.md",
                       "license":  "NOASSERTION",
                       "version":  "1.2.0",
                       "sha256":  "0d4c9beabcb4344a8af0d3f852047acafe475ab74506895462c6738df689973f",
                       "installedAt":  "2026-10-05",
                       "classification":  "project-local"
                   },
                   {
                       "name":  "ui-quality-audit",
                       "source":  "https://github.com/jeezab/ritela",
                       "commit":  null,
                       "path":  ".agents/skills/ui-quality-audit/SKILL.md",
                       "license":  "NOASSERTION",
                       "version":  "1.3.0",
                       "sha256":  "008d390add2140a664bdecc72758f9198d4b9b62a064c2a9d5afcabe1633155a",
                       "installedAt":  "2026-10-05",
                       "classification":  "project-local"
                   },
                   {
                       "name":  "health-content-check",
                       "source":  "https://github.com/jeezab/ritela",
                       "commit":  null,
                       "path":  ".agents/skills/health-content-check/SKILL.md",
                       "license":  "NOASSERTION",
                       "version":  "1.0.0",
                       "sha256":  "b0b698c97aed391bed02201ffa8a5995037b18364d46f9d028acdaf33948f0a1",
                       "installedAt":  "2026-10-05",
                       "classification":  "project-local"
                   }
               ]
}
